
Microsoft Visual Studio Solution File, Format Version 12.00
# Visual Studio Version 17
VisualStudioVersion = 17.14.36717.8 d17.14
MinimumVisualStudioVersion = 10.0.40219.1
Project("{FAE04EC0-301F-11D3-BF4B-00C04F79EFBC}") = "alguamcoisa", "alguamcoisa.csproj", "{1E60515E-F373-4C85-BB6B-997A293D4FDB}"
EndProject
Global
	GlobalSection(SolutionConfigurationPlatforms) = preSolution
		Debug|Any CPU = Debug|Any CPU
		Release|Any CPU = Release|Any CPU
	EndGlobalSection
	GlobalSection(ProjectConfigurationPlatforms) = postSolution
		{1E60515E-F373-4C85-BB6B-997A293D4FDB}.Debug|Any CPU.ActiveCfg = Debug|Any CPU
		{1E60515E-F373-4C85-BB6B-997A293D4FDB}.Debug|Any CPU.Build.0 = Debug|Any CPU
		{1E60515E-F373-4C85-BB6B-997A293D4FDB}.Release|Any CPU.ActiveCfg = Release|Any CPU
		{1E60515E-F373-4C85-BB6B-997A293D4FDB}.Release|Any CPU.Build.0 = Release|Any CPU
	EndGlobalSection
	GlobalSection(SolutionProperties) = preSolution
		HideSolutionNode = FALSE
	EndGlobalSection
	GlobalSection(ExtensibilityGlobals) = postSolution
		SolutionGuid = {4CFB9341-6DF1-41AA-8D08-DEE0155A4EC6}
	EndGlobalSection
EndGlobal
